// !$*UTF8*$!
{
	archiveVersion = 1;
	classes = {
	};
	objectVersion = 46;
	objects = {

/* Begin PBXBuildFile section */
		97CCC5131D6CB47300D0E740 /* AppDelegate.swift in Sources */ = {isa = PBXBuildFile; fileRef = 97CCC5121D6CB47300D0E740 /* AppDelegate.swift */; };
		97CCC5151D6CB47300D0E740 /* ViewController.swift in Sources */ = {isa = PBXBuildFile; fileRef = 97CCC5141D6CB47300D0E740 /* ViewController.swift */; };
		97CCC5181D6CB47300D0E740 /* Main.storyboard in Resources */ = {isa = PBXBuildFile; fileRef = 97CCC5161D6CB47300D0E740 /* Main.storyboard */; };
		97CCC51A1D6CB47300D0E740 /* Assets.xcassets in Resources */ = {isa = PBXBuildFile; fileRef = 97CCC5191D6CB47300D0E740 /* Assets.xcassets */; };
		97CCC51D1D6CB47300D0E740 /* LaunchScreen.storyboard in Resources */ = {isa = PBXBuildFile; fileRef = 97CCC51B1D6CB47300D0E740 /* LaunchScreen.storyboard */; };
		97CCC5281D6CB47300D0E740 /* PokedexTests.swift in Sources */ = {isa = PBXBuildFile; fileRef = 97CCC5271D6CB47300D0E740 /* PokedexTests.swift */; };
		97CCC5331D6CB47300D0E740 /* PokedexUITests.swift in Sources */ = {isa = PBXBuildFile; fileRef = 97CCC5321D6CB47300D0E740 /* PokedexUITests.swift */; };
		97CCC5471D6CBA2600D0E740 /* pokemon.csv in Resources */ = {isa = PBXBuildFile; fileRef = 97CCC5461D6CBA2600D0E740 /* pokemon.csv */; };
/* End PBXBuildFile section */

/* Begin PBXContainerItemProxy section */
		97CCC5241D6CB47300D0E740 /* PBXContainerItemProxy */ = {
			isa = PBXContainerItemProxy;
			containerPortal = 97CCC5071D6CB47200D0E740 /* Project object */;
			proxyType = 1;
			remoteGlobalIDString = 97CCC50E1D6CB47200D0E740;
			remoteInfo = Pokedex;
		};
		97CCC52F1D6CB47300D0E740 /* PBXContainerItemProxy */ = {
			isa = PBXContainerItemProxy;
			containerPortal = 97CCC5071D6CB47200D0E740 /* Project object */;
			proxyType = 1;
			remoteGlobalIDString = 97CCC50E1D6CB47200D0E740;
			remoteInfo = Pokedex;
		};
/* End PBXContainerItemProxy section */

/* Begin PBXFileReference section */
		97CCC50F1D6CB47300D0E740 /* Pokedex.app */ = {isa = PBXFileReference; explicitFileType = wrapper.application; includeInIndex = 0; path = Pokedex.app; sourceTree = BUILT_PRODUCTS_DIR; };
		97CCC5121D6CB47300D0E740 /* AppDelegate.swift */ = {isa = PBXFileReference; lastKnownFileType = sourcecode.swift; path = AppDelegate.swift; sourceTree = "<group>"; };
		97CCC5141D6CB47300D0E740 /* ViewController.swift */ = {isa = PBXFileReference; lastKnownFileType = sourcecode.swift; path = ViewController.swift; sourceTree = "<group>"; };
		97CCC5171D6CB47300D0E740 /* Base */ = {isa = PBXFileReference; lastKnownFileType = file.storyboard; name = Base; path = Base.lproj/Main.storyboard; sourceTree = "<group>"; };
		97CCC5191D6CB47300D0E740 /* Assets.xcassets */ = {isa = PBXFileReference; lastKnownFileType = folder.assetcatalog; path = Assets.xcassets; sourceTree = "<group>"; };
		97CCC51C1D6CB47300D0E740 /* Base */ = {isa = PBXFileReference; lastKnownFileType = file.storyboard; name = Base; path = Base.lproj/LaunchScreen.storyboard; sourceTree = "<group>"; };
		97CCC51E1D6CB47300D0E740 /* Info.plist */ = {isa = PBXFileReference; lastKnownFileType = text.plist.xml; path = Info.plist; sourceTree = "<group>"; };
		97CCC5231D6CB47300D0E740 /* PokedexTests.xctest */ = {isa = PBXFileReference; explicitFileType = wrapper.cfbundle; includeInIndex = 0; path = PokedexTests.xctest; sourceTree = BUILT_PRODUCTS_DIR; };
		97CCC5271D6CB47300D0E740 /* PokedexTests.swift */ = {isa = PBXFileReference; lastKnownFileType = sourcecode.swift; path = PokedexTests.swift; sourceTree = "<group>"; };
		97CCC5291D6CB47300D0E740 /* Info.plist */ = {isa = PBXFileReference; lastKnownFileType = text.plist.xml; path = Info.plist; sourceTree = "<group>"; };
		97CCC52E1D6CB47300D0E740 /* PokedexUITests.xctest */ = {isa = PBXFileReference; explicitFileType = wrapper.cfbundle; includeInIndex = 0; path = PokedexUITests.xctest; sourceTree = BUILT_PRODUCTS_DIR; };
		97CCC5321D6CB47300D0E740 /* PokedexUITests.swift */ = {isa = PBXFileReference; lastKnownFileType = sourcecode.swift; path = PokedexUITests.swift; sourceTree = "<group>"; };
		97CCC5341D6CB47300D0E740 /* Info.plist */ = {isa = PBXFileReference; lastKnownFileType = text.plist.xml; path = Info.plist; sourceTree = "<group>"; };
		97CCC5461D6CBA2600D0E740 /* pokemon.csv */ = {isa = PBXFileReference; fileEncoding = 4; lastKnownFileType = text; path = pokemon.csv; sourceTree = "<group>"; };
/* End PBXFileReference section */

/* Begin PBXFrameworksBuildPhase section */
		97CCC50C1D6CB47200D0E740 /* Frameworks */ = {
			isa = PBXFrameworksBuildPhase;
			buildActionMask = 2147483647;
			files = (
			);
			runOnlyForDeploymentPostprocessing = 0;
		};
		97CCC5201D6CB47300D0E740 /* Frameworks */ = {
			isa = PBXFrameworksBuildPhase;
			buildActionMask = 2147483647;
			files = (
			);
			runOnlyForDeploymentPostprocessing = 0;
		};
		97CCC52B1D6CB47300D0E740 /* Frameworks */ = {
			isa = PBXFrameworksBuildPhase;
			buildActionMask = 2147483647;
			files = (
			);
			runOnlyForDeploymentPostprocessing = 0;
		};
/* End PBXFrameworksBuildPhase section */

/* Begin PBXGroup section */
		97CCC5061D6CB47200D0E740 = {
			isa = PBXGroup;
			children = (
				97CCC5111D6CB47300D0E740 /* Pokedex */,
				97CCC5261D6CB47300D0E740 /* PokedexTests */,
				97CCC5311D6CB47300D0E740 /* PokedexUITests */,
				97CCC5101D6CB47300D0E740 /* Products */,
			);
			sourceTree = "<group>";
		};
		97CCC5101D6CB47300D0E740 /* Products */ = {
			isa = PBXGroup;
			children = (
				97CCC50F1D6CB47300D0E740 /* Pokedex.app */,
				97CCC5231D6CB47300D0E740 /* PokedexTests.xctest */,
				97CCC52E1D6CB47300D0E740 /* PokedexUITests.xctest */,
			);
			name = Products;
			sourceTree = "<group>";
		};
		97CCC5111D6CB47300D0E740 /* Pokedex */ = {
			isa = PBXGroup;
			children = (
				97CCC5431D6CB91600D0E740 /* Controller */,
				97CCC5411D6CB90D00D0E740 /* Model */,
				97CCC5421D6CB91200D0E740 /* View */,
				97CCC5401D6CB90700D0E740 /* Files */,
				97CCC5121D6CB47300D0E740 /* AppDelegate.swift */,
				97CCC5161D6CB47300D0E740 /* Main.storyboard */,
				97CCC5191D6CB47300D0E740 /* Assets.xcassets */,
				97CCC51B1D6CB47300D0E740 /* LaunchScreen.storyboard */,
				97CCC51E1D6CB47300D0E740 /* Info.plist */,
			);
			path = Pokedex;
			sourceTree = "<group>";
		};
		97CCC5261D6CB47300D0E740 /* PokedexTests */ = {
			isa = PBXGroup;
			children = (
				97CCC5271D6CB47300D0E740 /* PokedexTests.swift */,
				97CCC5291D6CB47300D0E740 /* Info.plist */,
			);
			path = PokedexTests;
			sourceTree = "<group>";
		};
		97CCC5311D6CB47300D0E740 /* PokedexUITests */ = {
			isa = PBXGroup;
			children = (
				97CCC5321D6CB47300D0E740 /* PokedexUITests.swift */,
				97CCC5341D6CB47300D0E740 /* Info.plist */,
			);
			path = PokedexUITests;
			sourceTree = "<group>";
		};
		97CCC5401D6CB90700D0E740 /* Files */ = {
			isa = PBXGroup;
			children = (
				97CCC5461D6CBA2600D0E740 /* pokemon.csv */,
			);
			name = Files;
			sourceTree = "<group>";
		};
		97CCC5411D6CB90D00D0E740 /* Model */ = {
			isa = PBXGroup;
			children = (
			);
			name = Model;
			sourceTree = "<group>";
		};
		97CCC5421D6CB91200D0E740 /* View */ = {
			isa = PBXGroup;
			children = (
			);
			name = View;
			sourceTree = "<group>";
		};
		97CCC5431D6CB91600D0E740 /* Controller */ = {
			isa = PBXGroup;
			children = (
				97CCC5141D6CB47300D0E740 /* ViewController.swift */,
			);
			name = Controller;
			sourceTree = "<group>";
		};
/* End PBXGroup section */

/* Begin PBXNativeTarget section */
		97CCC50E1D6CB47200D0E740 /* Pokedex */ = {
			isa = PBXNativeTarget;
			buildConfigurationList = 97CCC5371D6CB47300D0E740 /* Build configuration list for PBXNativeTarget "Pokedex" */;
			buildPhases = (
				97CCC50B1D6CB47200D0E740 /* Sources */,
				97CCC50C1D6CB47200D0E740 /* Frameworks */,
				97CCC50D1D6CB47200D0E740 /* Resources */,
			);
			buildRules = (
			);
			dependencies = (
			);
			name = Pokedex;
			productName = Pokedex;
			productReference = 97CCC50F1D6CB47300D0E740 /* Pokedex.app */;
			productType = "com.apple.product-type.application";
		};
		97CCC5221D6CB47300D0E740 /* PokedexTests */ = {
			isa = PBXNativeTarget;
			buildConfigurationList = 97CCC53A1D6CB47300D0E740 /* Build configuration list for PBXNativeTarget "PokedexTests" */;
			buildPhases = (
				97CCC51F1D6CB47300D0E740 /* Sources */,
				97CCC5201D6CB47300D0E740 /* Frameworks */,
				97CCC5211D6CB47300D0E740 /* Resources */,
			);
			buildRules = (
			);
			dependencies = (
				97CCC5251D6CB47300D0E740 /* PBXTargetDependency */,
			);
			name = PokedexTests;
			productName = PokedexTests;
			productReference = 97CCC5231D6CB47300D0E740 /* PokedexTests.xctest */;
			productType = "com.apple.product-type.bundle.unit-test";
		};
		97CCC52D1D6CB47300D0E740 /* PokedexUITests */ = {
			isa = PBXNativeTarget;
			buildConfigurationList = 97CCC53D1D6CB47300D0E740 /* Build configuration list for PBXNativeTarget "PokedexUITests" */;
			buildPhases = (
				97CCC52A1D6CB47300D0E740 /* Sources */,
				97CCC52B1D6CB47300D0E740 /* Frameworks */,
				97CCC52C1D6CB47300D0E740 /* Resources */,
			);
			buildRules = (
			);
			dependencies = (
				97CCC5301D6CB47300D0E740 /* PBXTargetDependency */,
			);
			name = PokedexUITests;
			productName = PokedexUITests;
			productReference = 97CCC52E1D6CB47300D0E740 /* PokedexUITests.xctest */;
			productType = "com.apple.product-type.bundle.ui-testing";
		};
/* End PBXNativeTarget section */

/* Begin PBXProject section */
		97CCC5071D6CB47200D0E740 /* Project object */ = {
			isa = PBXProject;
			attributes = {
				LastSwiftUpdateCheck = 0800;
				LastUpgradeCheck = 0800;
				ORGANIZATIONNAME = "Chao Tan";
				TargetAttributes = {
					97CCC50E1D6CB47200D0E740 = {
						CreatedOnToolsVersion = 8.0;
						ProvisioningStyle = Automatic;
					};
					97CCC5221D6CB47300D0E740 = {
						CreatedOnToolsVersion = 8.0;
						ProvisioningStyle = Automatic;
						TestTargetID = 97CCC50E1D6CB47200D0E740;
					};
					97CCC52D1D6CB47300D0E740 = {
						CreatedOnToolsVersion = 8.0;
						ProvisioningStyle = Automatic;
						TestTargetID = 97CCC50E1D6CB47200D0E740;
					};
				};
			};
			buildConfigurationList = 97CCC50A1D6CB47200D0E740 /* Build configuration list for PBXProject "Pokedex" */;
			compatibilityVersion = "Xcode 3.2";
			developmentRegion = English;
			hasScannedForEncodings = 0;
			knownRegions = (
				en,
				Base,
			);
			mainGroup = 97CCC5061D6CB47200D0E740;
			productRefGroup = 97CCC5101D6CB47300D0E740 /* Products */;
			projectDirPath = "";
			projectRoot = "";
			targets = (
				97CCC50E1D6CB47200D0E740 /* Pokedex */,
				97CCC5221D6CB47300D0E740 /* PokedexTests */,
				97CCC52D1D6CB47300D0E740 /* PokedexUITests */,
			);
		};
/* End PBXProject section */

/* Begin PBXResourcesBuildPhase section */
		97CCC50D1D6CB47200D0E740 /* Resources */ = {
			isa = PBXResourcesBuildPhase;
			buildActionMask = 2147483647;
			files = (
				97CCC51D1D6CB47300D0E740 /* LaunchScreen.storyboard in Resources */,
				97CCC51A1D6CB47300D0E740 /* Assets.xcassets in Resources */,
				97CCC5471D6CBA2600D0E740 /* pokemon.csv in Resources */,
				97CCC5181D6CB47300D0E740 /* Main.storyboard in Resources */,
			);
			runOnlyForDeploymentPostprocessing = 0;
		};
		97CCC5211D6CB47300D0E740 /* Resources */ = {
			isa = PBXResourcesBuildPhase;
			buildActionMask = 2147483647;
			files = (
			);
			runOnlyForDeploymentPostprocessing = 0;
		};
		97CCC52C1D6CB47300D0E740 /* Resources */ = {
			isa = PBXResourcesBuildPhase;
			buildActionMask = 2147483647;
			files = (
			);
			runOnlyForDeploymentPostprocessing = 0;
		};
/* End PBXResourcesBuildPhase section */

/* Begin PBXSourcesBuildPhase section */
		97CCC50B1D6CB47200D0E740 /* Sources */ = {
			isa = PBXSourcesBuildPhase;
			buildActionMask = 2147483647;
			files = (
				97CCC5151D6CB47300D0E740 /* ViewController.swift in Sources */,
				97CCC5131D6CB47300D0E740 /* AppDelegate.swift in Sources */,
			);
			runOnlyForDeploymentPostprocessing = 0;
		};
		97CCC51F1D6CB47300D0E740 /* Sources */ = {
			isa = PBXSourcesBuildPhase;
			buildActionMask = 2147483647;
			files = (
				97CCC5281D6CB47300D0E740 /* PokedexTests.swift in Sources */,
			);
			runOnlyForDeploymentPostprocessing = 0;
		};
		97CCC52A1D6CB47300D0E740 /* Sources */ = {
			isa = PBXSourcesBuildPhase;
			buildActionMask = 2147483647;
			files = (
				97CCC5331D6CB47300D0E740 /* PokedexUITests.swift in Sources */,
			);
			runOnlyForDeploymentPostprocessing = 0;
		};
/* End PBXSourcesBuildPhase section */

/* Begin PBXTargetDependency section */
		97CCC5251D6CB47300D0E740 /* PBXTargetDependency */ = {
			isa = PBXTargetDependency;
			target = 97CCC50E1D6CB47200D0E740 /* Pokedex */;
			targetProxy = 97CCC5241D6CB47300D0E740 /* PBXContainerItemProxy */;
		};
		97CCC5301D6CB47300D0E740 /* PBXTargetDependency */ = {
			isa = PBXTargetDependency;
			target = 97CCC50E1D6CB47200D0E740 /* Pokedex */;
			targetProxy = 97CCC52F1D6CB47300D0E740 /* PBXContainerItemProxy */;
		};
/* End PBXTargetDependency section */

/* Begin PBXVariantGroup section */
		97CCC5161D6CB47300D0E740 /* Main.storyboard */ = {
			isa = PBXVariantGroup;
			children = (
				97CCC5171D6CB47300D0E740 /* Base */,
			);
			name = Main.storyboard;
			sourceTree = "<group>";
		};
		97CCC51B1D6CB47300D0E740 /* LaunchScreen.storyboard */ = {
			isa = PBXVariantGroup;
			children = (
				97CCC51C1D6CB47300D0E740 /* Base */,
			);
			name = LaunchScreen.storyboard;
			sourceTree = "<group>";
		};
/* End PBXVariantGroup section */

/* Begin XCBuildConfiguration section */
		97CCC5351D6CB47300D0E740 /* Debug */ = {
			isa = XCBuildConfiguration;
			buildSettings = {
				ALWAYS_SEARCH_USER_PATHS = NO;
				CLANG_ANALYZER_NONNULL = YES;
				CLANG_CXX_LANGUAGE_STANDARD = "gnu++0x";
				CLANG_CXX_LIBRARY = "libc++";
				CLANG_ENABLE_MODULES = YES;
				CLANG_ENABLE_OBJC_ARC = YES;
				CLANG_WARN_BOOL_CONVERSION = YES;
				CLANG_WARN_CONSTANT_CONVERSION = YES;
				CLANG_WARN_DIRECT_OBJC_ISA_USAGE = YES_ERROR;
				CLANG_WARN_DOCUMENTATION_COMMENTS = YES;
				CLANG_WARN_EMPTY_BODY = YES;
				CLANG_WARN_ENUM_CONVERSION = YES;
				CLANG_WARN_INFINITE_RECURSION = YES;
				CLANG_WARN_INT_CONVERSION = YES;
				CLANG_WARN_OBJC_ROOT_CLASS = YES_ERROR;
				CLANG_WARN_SUSPICIOUS_MOVES = YES;
				CLANG_WARN_UNREACHABLE_CODE = YES;
				CLANG_WARN__DUPLICATE_METHOD_MATCH = YES;
				"CODE_SIGN_IDENTITY[sdk=iphoneos*]" = "iPhone Developer";
				COPY_PHASE_STRIP = NO;
				DEBUG_INFORMATION_FORMAT = dwarf;
				ENABLE_STRICT_OBJC_MSGSEND = YES;
				ENABLE_TESTABILITY = YES;
				GCC_C_LANGUAGE_STANDARD = gnu99;
				GCC_DYNAMIC_NO_PIC = NO;
				GCC_NO_COMMON_BLOCKS = YES;
				GCC_OPTIMIZATION_LEVEL = 0;
				GCC_PREPROCESSOR_DEFINITIONS = (
					"DEBUG=1",
					"$(inherited)",
				);
				GCC_WARN_64_TO_32_BIT_CONVERSION = YES;
				GCC_WARN_ABOUT_RETURN_TYPE = YES_ERROR;
				GCC_WARN_UNDECLARED_SELECTOR = YES;
				GCC_WARN_UNINITIALIZED_AUTOS = YES_AGGRESSIVE;
				GCC_WARN_UNUSED_FUNCTION = YES;
				GCC_WARN_UNUSED_VARIABLE = YES;
				IPHONEOS_DEPLOYMENT_TARGET = 10.0;
				MTL_ENABLE_DEBUG_INFO = YES;
				ONLY_ACTIVE_ARCH = YES;
				SDKROOT = iphoneos;
				SWIFT_ACTIVE_COMPILATION_CONDITIONS = DEBUG;
				SWIFT_OPTIMIZATION_LEVEL = "-Onone";
			};
			name = Debug;
		};
		97CCC5361D6CB47300D0E740 /* Release */ = {
			isa = XCBuildConfiguration;
			buildSettings = {
				ALWAYS_SEARCH_USER_PATHS = NO;
				CLANG_ANALYZER_NONNULL = YES;
				CLANG_CXX_LANGUAGE_STANDARD = "gnu++0x";
				CLANG_CXX_LIBRARY = "libc++";
				CLANG_ENABLE_MODULES = YES;
				CLANG_ENABLE_OBJC_ARC = YES;
				CLANG_WARN_BOOL_CONVERSION = YES;
				CLANG_WARN_CONSTANT_CONVERSION = YES;
				CLANG_WARN_DIRECT_OBJC_ISA_USAGE = YES_ERROR;
				CLANG_WARN_DOCUMENTATION_COMMENTS = YES;
				CLANG_WARN_EMPTY_BODY = YES;
				CLANG_WARN_ENUM_CONVERSION = YES;
				CLANG_WARN_INFINITE_RECURSION = YES;
				CLANG_WARN_INT_CONVERSION = YES;
				CLANG_WARN_OBJC_ROOT_CLASS = YES_ERROR;
				CLANG_WARN_SUSPICIOUS_MOVES = YES;
				CLANG_WARN_UNREACHABLE_CODE = YES;
				CLANG_WARN__DUPLICATE_METHOD_MATCH = YES;
				"CODE_SIGN_IDENTITY[sdk=iphoneos*]" = "iPhone Developer";
				COPY_PHASE_STRIP = NO;
				DEBUG_INFORMATION_FORMAT = "dwarf-with-dsym";
				ENABLE_NS_ASSERTIONS = NO;
				ENABLE_STRICT_OBJC_MSGSEND = YES;
				GCC_C_LANGUAGE_STANDARD = gnu99;
				GCC_NO_COMMON_BLOCKS = YES;
				GCC_WARN_64_TO_32_BIT_CONVERSION = YES;
				GCC_WARN_ABOUT_RETURN_TYPE = YES_ERROR;
				GCC_WARN_UNDECLARED_SELECTOR = YES;
				GCC_WARN_UNINITIALIZED_AUTOS = YES_AGGRESSIVE;
				GCC_WARN_UNUSED_FUNCTION = YES;
				GCC_WARN_UNUSED_VARIABLE = YES;
				IPHONEOS_DEPLOYMENT_TARGET = 10.0;
				MTL_ENABLE_DEBUG_INFO = NO;
				SDKROOT = iphoneos;
				SWIFT_OPTIMIZATION_LEVEL = "-Owholemodule";
				VALIDATE_PRODUCT = YES;
			};
			name = Release;
		};
		97CCC5381D6CB47300D0E740 /* Debug */ = {
			isa = XCBuildConfiguration;
			buildSettings = {
				ASSETCATALOG_COMPILER_APPICON_NAME = AppIcon;
				INFOPLIST_FILE = Pokedex/Info.plist;
				LD_RUNPATH_SEARCH_PATHS = "$(inherited) @executable_path/Frameworks";
				PRODUCT_BUNDLE_IDENTIFIER = com.chaotan.Pokedex;
				PRODUCT_NAME = "$(TARGET_NAME)";
				SWIFT_VERSION = 3.0;
			};
			name = Debug;
		};
		97CCC5391D6CB47300D0E740 /* Release */ = {
			isa = XCBuildConfiguration;
			buildSettings = {
				ASSETCATALOG_COMPILER_APPICON_NAME = AppIcon;
				INFOPLIST_FILE = Pokedex/Info.plist;
				LD_RUNPATH_SEARCH_PATHS = "$(inherited) @executable_path/Frameworks";
				PRODUCT_BUNDLE_IDENTIFIER = com.chaotan.Pokedex;
				PRODUCT_NAME = "$(TARGET_NAME)";
				SWIFT_VERSION = 3.0;
			};
			name = Release;
		};
		97CCC53B1D6CB47300D0E740 /* Debug */ = {
			isa = XCBuildConfiguration;
			buildSettings = {
				ALWAYS_EMBED_SWIFT_STANDARD_LIBRARIES = YES;
				BUNDLE_LOADER = "$(TEST_HOST)";
				INFOPLIST_FILE = PokedexTests/Info.plist;
				LD_RUNPATH_SEARCH_PATHS = "$(inherited) @executable_path/Frameworks @loader_path/Frameworks";
				PRODUCT_BUNDLE_IDENTIFIER = com.chaotan.PokedexTests;
				PRODUCT_NAME = "$(TARGET_NAME)";
				SWIFT_VERSION = 3.0;
				TEST_HOST = "$(BUILT_PRODUCTS_DIR)/Pokedex.app/Pokedex";
			};
			name = Debug;
		};
		97CCC53C1D6CB47300D0E740 /* Release */ = {
			isa = XCBuildConfiguration;
			buildSettings = {
				ALWAYS_EMBED_SWIFT_STANDARD_LIBRARIES = YES;
				BUNDLE_LOADER = "$(TEST_HOST)";
				INFOPLIST_FILE = PokedexTests/Info.plist;
				LD_RUNPATH_SEARCH_PATHS = "$(inherited) @executable_path/Frameworks @loader_path/Frameworks";
				PRODUCT_BUNDLE_IDENTIFIER = com.chaotan.PokedexTests;
				PRODUCT_NAME = "$(TARGET_NAME)";
				SWIFT_VERSION = 3.0;
				TEST_HOST = "$(BUILT_PRODUCTS_DIR)/Pokedex.app/Pokedex";
			};
			name = Release;
		};
		97CCC53E1D6CB47300D0E740 /* Debug */ = {
			isa = XCBuildConfiguration;
			buildSettings = {
				ALWAYS_EMBED_SWIFT_STANDARD_LIBRARIES = YES;
				INFOPLIST_FILE = PokedexUITests/Info.plist;
				LD_RUNPATH_SEARCH_PATHS = "$(inherited) @executable_path/Frameworks @loader_path/Frameworks";
				PRODUCT_BUNDLE_IDENTIFIER = com.chaotan.PokedexUITests;
				PRODUCT_NAME = "$(TARGET_NAME)";
				SWIFT_VERSION = 3.0;
				TEST_TARGET_NAME = Pokedex;
			};
			name = Debug;
		};
		97CCC53F1D6CB47300D0E740 /* Release */ = {
			isa = XCBuildConfiguration;
			buildSettings = {
				ALWAYS_EMBED_SWIFT_STANDARD_LIBRARIES = YES;
				INFOPLIST_FILE = PokedexUITests/Info.plist;
				LD_RUNPATH_SEARCH_PATHS = "$(inherited) @executable_path/Frameworks @loader_path/Frameworks";
				PRODUCT_BUNDLE_IDENTIFIER = com.chaotan.PokedexUITests;
				PRODUCT_NAME = "$(TARGET_NAME)";
				SWIFT_VERSION = 3.0;
				TEST_TARGET_NAME = Pokedex;
			};
			name = Release;
		};
/* End XCBuildConfiguration section */

/* Begin XCConfigurationList section */
		97CCC50A1D6CB47200D0E740 /* Build configuration list for PBXProject "Pokedex" */ = {
			isa = XCConfigurationList;
			buildConfigurations = (
				97CCC5351D6CB47300D0E740 /* Debug */,
				97CCC5361D6CB47300D0E740 /* Release */,
			);
			defaultConfigurationIsVisible = 0;
			defaultConfigurationName = Release;
		};
		97CCC5371D6CB47300D0E740 /* Build configuration list for PBXNativeTarget "Pokedex" */ = {
			isa = XCConfigurationList;
			buildConfigurations = (
				97CCC5381D6CB47300D0E740 /* Debug */,
				97CCC5391D6CB47300D0E740 /* Release */,
			);
			defaultConfigurationIsVisible = 0;
		};
		97CCC53A1D6CB47300D0E740 /* Build configuration list for PBXNativeTarget "PokedexTests" */ = {
			isa = XCConfigurationList;
			buildConfigurations = (
				97CCC53B1D6CB47300D0E740 /* Debug */,
				97CCC53C1D6CB47300D0E740 /* Release */,
			);
			defaultConfigurationIsVisible = 0;
		};
		97CCC53D1D6CB47300D0E740 /* Build configuration list for PBXNativeTarget "PokedexUITests" */ = {
			isa = XCConfigurationList;
			buildConfigurations = (
				97CCC53E1D6CB47300D0E740 /* Debug */,
				97CCC53F1D6CB47300D0E740 /* Release */,
			);
			defaultConfigurationIsVisible = 0;
		};
/* End XCConfigurationList section */
	};
	rootObject = 97CCC5071D6CB47200D0E740 /* Project object */;
}
